
Microsoft Visual Studio Solution File, Format Version 12.00
# Visual Studio Version 17
VisualStudioVersion = 17.2.32630.192
MinimumVisualStudioVersion = 10.0.40219.1
Project("{2150E333-8FDC-42A3-9474-1A3956D46DE8}") = "FrontEnd", "FrontEnd", "{B8E36A2F-0DF0-4750-9416-257B8E6FF22A}"
EndProject
Project("{2150E333-8FDC-42A3-9474-1A3956D46DE8}") = "Services", "Services", "{8DDBC95C-CC4A-4181-A2D5-B9A47AB32786}"
EndProject
Project("{9A19103F-16F7-4668-BE54-9A1E7A4F7556}") = "Moby.Services.Product.API", "Mango.Services.Product.API\Moby.Services.Product.API.csproj", "{68638F93-3539-40BE-844B-5EC7D62FACDA}"
EndProject
Project("{9A19103F-16F7-4668-BE54-9A1E7A4F7556}") = "Moby.Web.Server", "Moby.Web.Server\Moby.Web.Server.csproj", "{635580FC-5B55-4C37-8234-294E2EEF0FEB}"
EndProject
Project("{9A19103F-16F7-4668-BE54-9A1E7A4F7556}") = "Moby.Web.Shared", "Moby.Web.Shared\Moby.Web.Shared.csproj", "{2D9819A8-6465-4FF8-90A7-5E02EE7A6C3F}"
EndProject
Project("{9A19103F-16F7-4668-BE54-9A1E7A4F7556}") = "Moby.Web.Client", "Moby.Web.Client\Moby.Web.Client.csproj", "{93521810-2700-45DA-BF2E-EB595A64B694}"
EndProject
Project("{9A19103F-16F7-4668-BE54-9A1E7A4F7556}") = "Moby.Services.ShoppingCart.API", "Moby.Service.ShoppingCart.API\Moby.Services.ShoppingCart.API.csproj", "{31D66F73-E19F-401D-AE8F-49FECD6FBBAD}"
EndProject
Project("{2150E333-8FDC-42A3-9474-1A3956D46DE8}") = "Solution Items", "Solution Items", "{B32E082B-F79A-43DF-8D3E-C1D50DD4CDAB}"
	ProjectSection(SolutionItems) = preProject
		.editorconfig = .editorconfig
	EndProjectSection
EndProject
Project("{9A19103F-16F7-4668-BE54-9A1E7A4F7556}") = "Moby.Services.Coupon.API", "Moby.Services.Coupon.API\Moby.Services.Coupon.API.csproj", "{6972D96F-3600-4ED9-A236-67BD61801FB6}"
EndProject
Project("{2150E333-8FDC-42A3-9474-1A3956D46DE8}") = "Integration", "Integration", "{A2822E12-6DB6-4A78-B927-8B4E1D20886F}"
EndProject
Project("{9A19103F-16F7-4668-BE54-9A1E7A4F7556}") = "Moby.ServiceBus", "Moby.ServiceBus\Moby.ServiceBus.csproj", "{411695F7-C130-4D82-B3C2-BBC95FCE6557}"
EndProject
Project("{9A19103F-16F7-4668-BE54-9A1E7A4F7556}") = "Moby.Services.Order.API", "Moby.Services.Order.API\Moby.Services.Order.API.csproj", "{6975C69B-C453-4DBF-81C5-BF4C9070C76B}"
EndProject
Project("{2150E333-8FDC-42A3-9474-1A3956D46DE8}") = "Payments", "Payments", "{8B4426A1-CB40-42F2-B5E5-C863D4723421}"
EndProject
Project("{9A19103F-16F7-4668-BE54-9A1E7A4F7556}") = "Moby.Payments", "Moby.Payments\Moby.Payments.csproj", "{7F5E5F73-55FF-4F5E-95F8-5660B7F79EF8}"
EndProject
Project("{9A19103F-16F7-4668-BE54-9A1E7A4F7556}") = "Moby.Services.Payments.API", "Moby.Services.Payments.API\Moby.Services.Payments.API.csproj", "{DED74752-FFDB-48C1-B03A-4C29926AD801}"
EndProject
Project("{FAE04EC0-301F-11D3-BF4B-00C04F79EFBC}") = "Moby.Services.Identity.API", "Moby.Services.Identity.API\Moby.Services.Identity.API.csproj", "{E6F5144D-C835-4C8A-A87B-445BE792796F}"
EndProject
Global
	GlobalSection(SolutionConfigurationPlatforms) = preSolution
		Debug|Any CPU = Debug|Any CPU
		Release|Any CPU = Release|Any CPU
	EndGlobalSection
	GlobalSection(ProjectConfigurationPlatforms) = postSolution
		{68638F93-3539-40BE-844B-5EC7D62FACDA}.Debug|Any CPU.ActiveCfg = Debug|Any CPU
		{68638F93-3539-40BE-844B-5EC7D62FACDA}.Debug|Any CPU.Build.0 = Debug|Any CPU
		{68638F93-3539-40BE-844B-5EC7D62FACDA}.Release|Any CPU.ActiveCfg = Release|Any CPU
		{68638F93-3539-40BE-844B-5EC7D62FACDA}.Release|Any CPU.Build.0 = Release|Any CPU
		{635580FC-5B55-4C37-8234-294E2EEF0FEB}.Debug|Any CPU.ActiveCfg = Debug|Any CPU
		{635580FC-5B55-4C37-8234-294E2EEF0FEB}.Debug|Any CPU.Build.0 = Debug|Any CPU
		{635580FC-5B55-4C37-8234-294E2EEF0FEB}.Release|Any CPU.ActiveCfg = Release|Any CPU
		{635580FC-5B55-4C37-8234-294E2EEF0FEB}.Release|Any CPU.Build.0 = Release|Any CPU
		{2D9819A8-6465-4FF8-90A7-5E02EE7A6C3F}.Debug|Any CPU.ActiveCfg = Debug|Any CPU
		{2D9819A8-6465-4FF8-90A7-5E02EE7A6C3F}.Debug|Any CPU.Build.0 = Debug|Any CPU
		{2D9819A8-6465-4FF8-90A7-5E02EE7A6C3F}.Release|Any CPU.ActiveCfg = Release|Any CPU
		{2D9819A8-6465-4FF8-90A7-5E02EE7A6C3F}.Release|Any CPU.Build.0 = Release|Any CPU
		{93521810-2700-45DA-BF2E-EB595A64B694}.Debug|Any CPU.ActiveCfg = Debug|Any CPU
		{93521810-2700-45DA-BF2E-EB595A64B694}.Debug|Any CPU.Build.0 = Debug|Any CPU
		{93521810-2700-45DA-BF2E-EB595A64B694}.Release|Any CPU.ActiveCfg = Release|Any CPU
		{93521810-2700-45DA-BF2E-EB595A64B694}.Release|Any CPU.Build.0 = Release|Any CPU
		{31D66F73-E19F-401D-AE8F-49FECD6FBBAD}.Debug|Any CPU.ActiveCfg = Debug|Any CPU
		{31D66F73-E19F-401D-AE8F-49FECD6FBBAD}.Debug|Any CPU.Build.0 = Debug|Any CPU
		{31D66F73-E19F-401D-AE8F-49FECD6FBBAD}.Release|Any CPU.ActiveCfg = Release|Any CPU
		{31D66F73-E19F-401D-AE8F-49FECD6FBBAD}.Release|Any CPU.Build.0 = Release|Any CPU
		{6972D96F-3600-4ED9-A236-67BD61801FB6}.Debug|Any CPU.ActiveCfg = Debug|Any CPU
		{6972D96F-3600-4ED9-A236-67BD61801FB6}.Debug|Any CPU.Build.0 = Debug|Any CPU
		{6972D96F-3600-4ED9-A236-67BD61801FB6}.Release|Any CPU.ActiveCfg = Release|Any CPU
		{6972D96F-3600-4ED9-A236-67BD61801FB6}.Release|Any CPU.Build.0 = Release|Any CPU
		{411695F7-C130-4D82-B3C2-BBC95FCE6557}.Debug|Any CPU.ActiveCfg = Debug|Any CPU
		{411695F7-C130-4D82-B3C2-BBC95FCE6557}.Debug|Any CPU.Build.0 = Debug|Any CPU
		{411695F7-C130-4D82-B3C2-BBC95FCE6557}.Release|Any CPU.ActiveCfg = Release|Any CPU
		{411695F7-C130-4D82-B3C2-BBC95FCE6557}.Release|Any CPU.Build.0 = Release|Any CPU
		{6975C69B-C453-4DBF-81C5-BF4C9070C76B}.Debug|Any CPU.ActiveCfg = Debug|Any CPU
		{6975C69B-C453-4DBF-81C5-BF4C9070C76B}.Debug|Any CPU.Build.0 = Debug|Any CPU
		{6975C69B-C453-4DBF-81C5-BF4C9070C76B}.Release|Any CPU.ActiveCfg = Release|Any CPU
		{6975C69B-C453-4DBF-81C5-BF4C9070C76B}.Release|Any CPU.Build.0 = Release|Any CPU
		{7F5E5F73-55FF-4F5E-95F8-5660B7F79EF8}.Debug|Any CPU.ActiveCfg = Debug|Any CPU
		{7F5E5F73-55FF-4F5E-95F8-5660B7F79EF8}.Debug|Any CPU.Build.0 = Debug|Any CPU
		{7F5E5F73-55FF-4F5E-95F8-5660B7F79EF8}.Release|Any CPU.ActiveCfg = Release|Any CPU
		{7F5E5F73-55FF-4F5E-95F8-5660B7F79EF8}.Release|Any CPU.Build.0 = Release|Any CPU
		{DED74752-FFDB-48C1-B03A-4C29926AD801}.Debug|Any CPU.ActiveCfg = Debug|Any CPU
		{DED74752-FFDB-48C1-B03A-4C29926AD801}.Debug|Any CPU.Build.0 = Debug|Any CPU
		{DED74752-FFDB-48C1-B03A-4C29926AD801}.Release|Any CPU.ActiveCfg = Release|Any CPU
		{DED74752-FFDB-48C1-B03A-4C29926AD801}.Release|Any CPU.Build.0 = Release|Any CPU
		{E6F5144D-C835-4C8A-A87B-445BE792796F}.Debug|Any CPU.ActiveCfg = Debug|Any CPU
		{E6F5144D-C835-4C8A-A87B-445BE792796F}.Debug|Any CPU.Build.0 = Debug|Any CPU
		{E6F5144D-C835-4C8A-A87B-445BE792796F}.Release|Any CPU.ActiveCfg = Release|Any CPU
		{E6F5144D-C835-4C8A-A87B-445BE792796F}.Release|Any CPU.Build.0 = Release|Any CPU
	EndGlobalSection
	GlobalSection(SolutionProperties) = preSolution
		HideSolutionNode = FALSE
	EndGlobalSection
	GlobalSection(NestedProjects) = preSolution
		{68638F93-3539-40BE-844B-5EC7D62FACDA} = {8DDBC95C-CC4A-4181-A2D5-B9A47AB32786}
		{635580FC-5B55-4C37-8234-294E2EEF0FEB} = {B8E36A2F-0DF0-4750-9416-257B8E6FF22A}
		{2D9819A8-6465-4FF8-90A7-5E02EE7A6C3F} = {B8E36A2F-0DF0-4750-9416-257B8E6FF22A}
		{93521810-2700-45DA-BF2E-EB595A64B694} = {B8E36A2F-0DF0-4750-9416-257B8E6FF22A}
		{31D66F73-E19F-401D-AE8F-49FECD6FBBAD} = {8DDBC95C-CC4A-4181-A2D5-B9A47AB32786}
		{6972D96F-3600-4ED9-A236-67BD61801FB6} = {8DDBC95C-CC4A-4181-A2D5-B9A47AB32786}
		{411695F7-C130-4D82-B3C2-BBC95FCE6557} = {A2822E12-6DB6-4A78-B927-8B4E1D20886F}
		{6975C69B-C453-4DBF-81C5-BF4C9070C76B} = {8DDBC95C-CC4A-4181-A2D5-B9A47AB32786}
		{7F5E5F73-55FF-4F5E-95F8-5660B7F79EF8} = {8B4426A1-CB40-42F2-B5E5-C863D4723421}
		{DED74752-FFDB-48C1-B03A-4C29926AD801} = {8DDBC95C-CC4A-4181-A2D5-B9A47AB32786}
		{E6F5144D-C835-4C8A-A87B-445BE792796F} = {8DDBC95C-CC4A-4181-A2D5-B9A47AB32786}
	EndGlobalSection
	GlobalSection(ExtensibilityGlobals) = postSolution
		SolutionGuid = {81957DBB-88CD-49C8-80A1-BE42B5FDE965}
	EndGlobalSection
EndGlobal
